// !$*UTF8*$!
{
	archiveVersion = 1;
	classes = {
	};
	objectVersion = 55;
	objects = {

/* Begin PBXBuildFile section */
		345D144727562467003257AA /* AppDelegate.swift in Sources */ = {isa = PBXBuildFile; fileRef = 345D144627562467003257AA /* AppDelegate.swift */; };
		345D144927562467003257AA /* SceneDelegate.swift in Sources */ = {isa = PBXBuildFile; fileRef = 345D144827562467003257AA /* SceneDelegate.swift */; };
		345D144B27562467003257AA /* ViewController.swift in Sources */ = {isa = PBXBuildFile; fileRef = 345D144A27562467003257AA /* ViewController.swift */; };
		345D144E27562467003257AA /* Main.storyboard in Resources */ = {isa = PBXBuildFile; fileRef = 345D144C27562467003257AA /* Main.storyboard */; };
		345D145027562468003257AA /* Assets.xcassets in Resources */ = {isa = PBXBuildFile; fileRef = 345D144F27562468003257AA /* Assets.xcassets */; };
		345D145327562468003257AA /* LaunchScreen.storyboard in Resources */ = {isa = PBXBuildFile; fileRef = 345D145127562468003257AA /* LaunchScreen.storyboard */; };
		345D145C27562606003257AA /* Animator.swift in Sources */ = {isa = PBXBuildFile; fileRef = 345D145B27562606003257AA /* Animator.swift */; };
		345D145E2756269B003257AA /* SharedClvCell.swift in Sources */ = {isa = PBXBuildFile; fileRef = 345D145D2756269B003257AA /* SharedClvCell.swift */; };
		345D14602756272B003257AA /* DataManager.swift in Sources */ = {isa = PBXBuildFile; fileRef = 345D145F2756272B003257AA /* DataManager.swift */; };
		345D14622756279B003257AA /* SecondViewController.swift in Sources */ = {isa = PBXBuildFile; fileRef = 345D14612756279B003257AA /* SecondViewController.swift */; };
		34B871D82758A6AB00E8A180 /* BaseViewController.swift in Sources */ = {isa = PBXBuildFile; fileRef = 34B871D72758A6AB00E8A180 /* BaseViewController.swift */; };
/* End PBXBuildFile section */

/* Begin PBXFileReference section */
		345D144327562467003257AA /* SharedEelementDemo.app */ = {isa = PBXFileReference; explicitFileType = wrapper.application; includeInIndex = 0; path = SharedEelementDemo.app; sourceTree = BUILT_PRODUCTS_DIR; };
		345D144627562467003257AA /* AppDelegate.swift */ = {isa = PBXFileReference; lastKnownFileType = sourcecode.swift; path = AppDelegate.swift; sourceTree = "<group>"; };
		345D144827562467003257AA /* SceneDelegate.swift */ = {isa = PBXFileReference; lastKnownFileType = sourcecode.swift; path = SceneDelegate.swift; sourceTree = "<group>"; };
		345D144A27562467003257AA /* ViewController.swift */ = {isa = PBXFileReference; lastKnownFileType = sourcecode.swift; path = ViewController.swift; sourceTree = "<group>"; };
		345D144D27562467003257AA /* Base */ = {isa = PBXFileReference; lastKnownFileType = file.storyboard; name = Base; path = Base.lproj/Main.storyboard; sourceTree = "<group>"; };
		345D144F27562468003257AA /* Assets.xcassets */ = {isa = PBXFileReference; lastKnownFileType = folder.assetcatalog; path = Assets.xcassets; sourceTree = "<group>"; };
		345D145227562468003257AA /* Base */ = {isa = PBXFileReference; lastKnownFileType = file.storyboard; name = Base; path = Base.lproj/LaunchScreen.storyboard; sourceTree = "<group>"; };
		345D145427562468003257AA /* Info.plist */ = {isa = PBXFileReference; lastKnownFileType = text.plist.xml; path = Info.plist; sourceTree = "<group>"; };
		345D145B27562606003257AA /* Animator.swift */ = {isa = PBXFileReference; lastKnownFileType = sourcecode.swift; path = Animator.swift; sourceTree = "<group>"; };
		345D145D2756269B003257AA /* SharedClvCell.swift */ = {isa = PBXFileReference; lastKnownFileType = sourcecode.swift; path = SharedClvCell.swift; sourceTree = "<group>"; };
		345D145F2756272B003257AA /* DataManager.swift */ = {isa = PBXFileReference; lastKnownFileType = sourcecode.swift; path = DataManager.swift; sourceTree = "<group>"; };
		345D14612756279B003257AA /* SecondViewController.swift */ = {isa = PBXFileReference; lastKnownFileType = sourcecode.swift; path = SecondViewController.swift; sourceTree = "<group>"; };
		34B871D72758A6AB00E8A180 /* BaseViewController.swift */ = {isa = PBXFileReference; lastKnownFileType = sourcecode.swift; path = BaseViewController.swift; sourceTree = "<group>"; };
/* End PBXFileReference section */

/* Begin PBXFrameworksBuildPhase section */
		345D144027562467003257AA /* Frameworks */ = {
			isa = PBXFrameworksBuildPhase;
			buildActionMask = 2147483647;
			files = (
			);
			runOnlyForDeploymentPostprocessing = 0;
		};
/* End PBXFrameworksBuildPhase section */

/* Begin PBXGroup section */
		345D143A27562467003257AA = {
			isa = PBXGroup;
			children = (
				345D144527562467003257AA /* SharedEelementDemo */,
				345D144427562467003257AA /* Products */,
			);
			sourceTree = "<group>";
		};
		345D144427562467003257AA /* Products */ = {
			isa = PBXGroup;
			children = (
				345D144327562467003257AA /* SharedEelementDemo.app */,
			);
			name = Products;
			sourceTree = "<group>";
		};
		345D144527562467003257AA /* SharedEelementDemo */ = {
			isa = PBXGroup;
			children = (
				345D144627562467003257AA /* AppDelegate.swift */,
				345D144827562467003257AA /* SceneDelegate.swift */,
				345D145F2756272B003257AA /* DataManager.swift */,
				345D144F27562468003257AA /* Assets.xcassets */,
				345D145A275625E8003257AA /* CustomCalss */,
				8845661C2779B0EB00046725 /* Cell */,
				8845661B2779B03700046725 /* Storyboards */,
				8845661A2779AFD300046725 /* ViewControllers */,
				345D145427562468003257AA /* Info.plist */,
			);
			path = SharedEelementDemo;
			sourceTree = "<group>";
		};
		345D145A275625E8003257AA /* CustomCalss */ = {
			isa = PBXGroup;
			children = (
				345D145B27562606003257AA /* Animator.swift */,
			);
			path = CustomCalss;
			sourceTree = "<group>";
		};
		8845661A2779AFD300046725 /* ViewControllers */ = {
			isa = PBXGroup;
			children = (
				345D144A27562467003257AA /* ViewController.swift */,
				345D14612756279B003257AA /* SecondViewController.swift */,
				34B871D72758A6AB00E8A180 /* BaseViewController.swift */,
			);
			path = ViewControllers;
			sourceTree = "<group>";
		};
		8845661B2779B03700046725 /* Storyboards */ = {
			isa = PBXGroup;
			children = (
				345D144C27562467003257AA /* Main.storyboard */,
				345D145127562468003257AA /* LaunchScreen.storyboard */,
			);
			path = Storyboards;
			sourceTree = "<group>";
		};
		8845661C2779B0EB00046725 /* Cell */ = {
			isa = PBXGroup;
			children = (
				345D145D2756269B003257AA /* SharedClvCell.swift */,
			);
			path = Cell;
			sourceTree = "<group>";
		};
/* End PBXGroup section */

/* Begin PBXNativeTarget section */
		345D144227562467003257AA /* SharedEelementDemo */ = {
			isa = PBXNativeTarget;
			buildConfigurationList = 345D145727562468003257AA /* Build configuration list for PBXNativeTarget "SharedEelementDemo" */;
			buildPhases = (
				345D143F27562467003257AA /* Sources */,
				345D144027562467003257AA /* Frameworks */,
				345D144127562467003257AA /* Resources */,
			);
			buildRules = (
			);
			dependencies = (
			);
			name = SharedEelementDemo;
			productName = SharedEelementDemo;
			productReference = 345D144327562467003257AA /* SharedEelementDemo.app */;
			productType = "com.apple.product-type.application";
		};
/* End PBXNativeTarget section */

/* Begin PBXProject section */
		345D143B27562467003257AA /* Project object */ = {
			isa = PBXProject;
			attributes = {
				BuildIndependentTargetsInParallel = 1;
				LastSwiftUpdateCheck = 1300;
				LastUpgradeCheck = 1300;
				TargetAttributes = {
					345D144227562467003257AA = {
						CreatedOnToolsVersion = 13.0;
					};
				};
			};
			buildConfigurationList = 345D143E27562467003257AA /* Build configuration list for PBXProject "SharedEelementDemo" */;
			compatibilityVersion = "Xcode 13.0";
			developmentRegion = en;
			hasScannedForEncodings = 0;
			knownRegions = (
				en,
				Base,
			);
			mainGroup = 345D143A27562467003257AA;
			productRefGroup = 345D144427562467003257AA /* Products */;
			projectDirPath = "";
			projectRoot = "";
			targets = (
				345D144227562467003257AA /* SharedEelementDemo */,
			);
		};
/* End PBXProject section */

/* Begin PBXResourcesBuildPhase section */
		345D144127562467003257AA /* Resources */ = {
			isa = PBXResourcesBuildPhase;
			buildActionMask = 2147483647;
			files = (
				345D145327562468003257AA /* LaunchScreen.storyboard in Resources */,
				345D145027562468003257AA /* Assets.xcassets in Resources */,
				345D144E27562467003257AA /* Main.storyboard in Resources */,
			);
			runOnlyForDeploymentPostprocessing = 0;
		};
/* End PBXResourcesBuildPhase section */

/* Begin PBXSourcesBuildPhase section */
		345D143F27562467003257AA /* Sources */ = {
			isa = PBXSourcesBuildPhase;
			buildActionMask = 2147483647;
			files = (
				345D145C27562606003257AA /* Animator.swift in Sources */,
				345D14602756272B003257AA /* DataManager.swift in Sources */,
				345D145E2756269B003257AA /* SharedClvCell.swift in Sources */,
				345D144B27562467003257AA /* ViewController.swift in Sources */,
				345D14622756279B003257AA /* SecondViewController.swift in Sources */,
				34B871D82758A6AB00E8A180 /* BaseViewController.swift in Sources */,
				345D144727562467003257AA /* AppDelegate.swift in Sources */,
				345D144927562467003257AA /* SceneDelegate.swift in Sources */,
			);
			runOnlyForDeploymentPostprocessing = 0;
		};
/* End PBXSourcesBuildPhase section */

/* Begin PBXVariantGroup section */
		345D144C27562467003257AA /* Main.storyboard */ = {
			isa = PBXVariantGroup;
			children = (
				345D144D27562467003257AA /* Base */,
			);
			name = Main.storyboard;
			sourceTree = "<group>";
		};
		345D145127562468003257AA /* LaunchScreen.storyboard */ = {
			isa = PBXVariantGroup;
			children = (
				345D145227562468003257AA /* Base */,
			);
			name = LaunchScreen.storyboard;
			sourceTree = "<group>";
		};
/* End PBXVariantGroup section */

/* Begin XCBuildConfiguration section */
		345D145527562468003257AA /* Debug */ = {
			isa = XCBuildConfiguration;
			buildSettings = {
				ALWAYS_SEARCH_USER_PATHS = NO;
				CLANG_ANALYZER_NONNULL = YES;
				CLANG_ANALYZER_NUMBER_OBJECT_CONVERSION = YES_AGGRESSIVE;
				CLANG_CXX_LANGUAGE_STANDARD = "gnu++17";
				CLANG_CXX_LIBRARY = "libc++";
				CLANG_ENABLE_MODULES = YES;
				CLANG_ENABLE_OBJC_ARC = YES;
				CLANG_ENABLE_OBJC_WEAK = YES;
				CLANG_WARN_BLOCK_CAPTURE_AUTORELEASING = YES;
				CLANG_WARN_BOOL_CONVERSION = YES;
				CLANG_WARN_COMMA = YES;
				CLANG_WARN_CONSTANT_CONVERSION = YES;
				CLANG_WARN_DEPRECATED_OBJC_IMPLEMENTATIONS = YES;
				CLANG_WARN_DIRECT_OBJC_ISA_USAGE = YES_ERROR;
				CLANG_WARN_DOCUMENTATION_COMMENTS = YES;
				CLANG_WARN_EMPTY_BODY = YES;
				CLANG_WARN_ENUM_CONVERSION = YES;
				CLANG_WARN_INFINITE_RECURSION = YES;
				CLANG_WARN_INT_CONVERSION = YES;
				CLANG_WARN_NON_LITERAL_NULL_CONVERSION = YES;
				CLANG_WARN_OBJC_IMPLICIT_RETAIN_SELF = YES;
				CLANG_WARN_OBJC_LITERAL_CONVERSION = YES;
				CLANG_WARN_OBJC_ROOT_CLASS = YES_ERROR;
				CLANG_WARN_QUOTED_INCLUDE_IN_FRAMEWORK_HEADER = YES;
				CLANG_WARN_RANGE_LOOP_ANALYSIS = YES;
				CLANG_WARN_STRICT_PROTOTYPES = YES;
				CLANG_WARN_SUSPICIOUS_MOVE = YES;
				CLANG_WARN_UNGUARDED_AVAILABILITY = YES_AGGRESSIVE;
				CLANG_WARN_UNREACHABLE_CODE = YES;
				CLANG_WARN__DUPLICATE_METHOD_MATCH = YES;
				COPY_PHASE_STRIP = NO;
				DEBUG_INFORMATION_FORMAT = dwarf;
				ENABLE_STRICT_OBJC_MSGSEND = YES;
				ENABLE_TESTABILITY = YES;
				GCC_C_LANGUAGE_STANDARD = gnu11;
				GCC_DYNAMIC_NO_PIC = NO;
				GCC_NO_COMMON_BLOCKS = YES;
				GCC_OPTIMIZATION_LEVEL = 0;
				GCC_PREPROCESSOR_DEFINITIONS = (
					"DEBUG=1",
					"$(inherited)",
				);
				GCC_WARN_64_TO_32_BIT_CONVERSION = YES;
				GCC_WARN_ABOUT_RETURN_TYPE = YES_ERROR;
				GCC_WARN_UNDECLARED_SELECTOR = YES;
				GCC_WARN_UNINITIALIZED_AUTOS = YES_AGGRESSIVE;
				GCC_WARN_UNUSED_FUNCTION = YES;
				GCC_WARN_UNUSED_VARIABLE = YES;
				IPHONEOS_DEPLOYMENT_TARGET = 15.0;
				MTL_ENABLE_DEBUG_INFO = INCLUDE_SOURCE;
				MTL_FAST_MATH = YES;
				ONLY_ACTIVE_ARCH = YES;
				SDKROOT = iphoneos;
				SWIFT_ACTIVE_COMPILATION_CONDITIONS = DEBUG;
				SWIFT_OPTIMIZATION_LEVEL = "-Onone";
			};
			name = Debug;
		};
		345D145627562468003257AA /* Release */ = {
			isa = XCBuildConfiguration;
			buildSettings = {
				ALWAYS_SEARCH_USER_PATHS = NO;
				CLANG_ANALYZER_NONNULL = YES;
				CLANG_ANALYZER_NUMBER_OBJECT_CONVERSION = YES_AGGRESSIVE;
				CLANG_CXX_LANGUAGE_STANDARD = "gnu++17";
				CLANG_CXX_LIBRARY = "libc++";
				CLANG_ENABLE_MODULES = YES;
				CLANG_ENABLE_OBJC_ARC = YES;
				CLANG_ENABLE_OBJC_WEAK = YES;
				CLANG_WARN_BLOCK_CAPTURE_AUTORELEASING = YES;
				CLANG_WARN_BOOL_CONVERSION = YES;
				CLANG_WARN_COMMA = YES;
				CLANG_WARN_CONSTANT_CONVERSION = YES;
				CLANG_WARN_DEPRECATED_OBJC_IMPLEMENTATIONS = YES;
				CLANG_WARN_DIRECT_OBJC_ISA_USAGE = YES_ERROR;
				CLANG_WARN_DOCUMENTATION_COMMENTS = YES;
				CLANG_WARN_EMPTY_BODY = YES;
				CLANG_WARN_ENUM_CONVERSION = YES;
				CLANG_WARN_INFINITE_RECURSION = YES;
				CLANG_WARN_INT_CONVERSION = YES;
				CLANG_WARN_NON_LITERAL_NULL_CONVERSION = YES;
				CLANG_WARN_OBJC_IMPLICIT_RETAIN_SELF = YES;
				CLANG_WARN_OBJC_LITERAL_CONVERSION = YES;
				CLANG_WARN_OBJC_ROOT_CLASS = YES_ERROR;
				CLANG_WARN_QUOTED_INCLUDE_IN_FRAMEWORK_HEADER = YES;
				CLANG_WARN_RANGE_LOOP_ANALYSIS = YES;
				CLANG_WARN_STRICT_PROTOTYPES = YES;
				CLANG_WARN_SUSPICIOUS_MOVE = YES;
				CLANG_WARN_UNGUARDED_AVAILABILITY = YES_AGGRESSIVE;
				CLANG_WARN_UNREACHABLE_CODE = YES;
				CLANG_WARN__DUPLICATE_METHOD_MATCH = YES;
				COPY_PHASE_STRIP = NO;
				DEBUG_INFORMATION_FORMAT = "dwarf-with-dsym";
				ENABLE_NS_ASSERTIONS = NO;
				ENABLE_STRICT_OBJC_MSGSEND = YES;
				GCC_C_LANGUAGE_STANDARD = gnu11;
				GCC_NO_COMMON_BLOCKS = YES;
				GCC_WARN_64_TO_32_BIT_CONVERSION = YES;
				GCC_WARN_ABOUT_RETURN_TYPE = YES_ERROR;
				GCC_WARN_UNDECLARED_SELECTOR = YES;
				GCC_WARN_UNINITIALIZED_AUTOS = YES_AGGRESSIVE;
				GCC_WARN_UNUSED_FUNCTION = YES;
				GCC_WARN_UNUSED_VARIABLE = YES;
				IPHONEOS_DEPLOYMENT_TARGET = 15.0;
				MTL_ENABLE_DEBUG_INFO = NO;
				MTL_FAST_MATH = YES;
				SDKROOT = iphoneos;
				SWIFT_COMPILATION_MODE = wholemodule;
				SWIFT_OPTIMIZATION_LEVEL = "-O";
				VALIDATE_PRODUCT = YES;
			};
			name = Release;
		};
		345D145827562468003257AA /* Debug */ = {
			isa = XCBuildConfiguration;
			buildSettings = {
				ASSETCATALOG_COMPILER_APPICON_NAME = AppIcon;
				ASSETCATALOG_COMPILER_GLOBAL_ACCENT_COLOR_NAME = AccentColor;
				CODE_SIGN_STYLE = Automatic;
				CURRENT_PROJECT_VERSION = 1;
				GENERATE_INFOPLIST_FILE = YES;
				INFOPLIST_FILE = SharedEelementDemo/Info.plist;
				INFOPLIST_KEY_UIApplicationSupportsIndirectInputEvents = YES;
				INFOPLIST_KEY_UILaunchStoryboardName = LaunchScreen;
				INFOPLIST_KEY_UIMainStoryboardFile = Main;
				INFOPLIST_KEY_UISupportedInterfaceOrientations_iPad = "UIInterfaceOrientationPortrait UIInterfaceOrientationPortraitUpsideDown UIInterfaceOrientationLandscapeLeft UIInterfaceOrientationLandscapeRight";
				INFOPLIST_KEY_UISupportedInterfaceOrientations_iPhone = "UIInterfaceOrientationPortrait UIInterfaceOrientationLandscapeLeft UIInterfaceOrientationLandscapeRight";
				LD_RUNPATH_SEARCH_PATHS = (
					"$(inherited)",
					"@executable_path/Frameworks",
				);
				MARKETING_VERSION = 1.0;
				PRODUCT_BUNDLE_IDENTIFIER = com.swiftui.app.SharedEelementDemo;
				PRODUCT_NAME = "$(TARGET_NAME)";
				SWIFT_EMIT_LOC_STRINGS = YES;
				SWIFT_VERSION = 5.0;
				TARGETED_DEVICE_FAMILY = "1,2";
			};
			name = Debug;
		};
		345D145927562468003257AA /* Release */ = {
			isa = XCBuildConfiguration;
			buildSettings = {
				ASSETCATALOG_COMPILER_APPICON_NAME = AppIcon;
				ASSETCATALOG_COMPILER_GLOBAL_ACCENT_COLOR_NAME = AccentColor;
				CODE_SIGN_STYLE = Automatic;
				CURRENT_PROJECT_VERSION = 1;
				GENERATE_INFOPLIST_FILE = YES;
				INFOPLIST_FILE = SharedEelementDemo/Info.plist;
				INFOPLIST_KEY_UIApplicationSupportsIndirectInputEvents = YES;
				INFOPLIST_KEY_UILaunchStoryboardName = LaunchScreen;
				INFOPLIST_KEY_UIMainStoryboardFile = Main;
				INFOPLIST_KEY_UISupportedInterfaceOrientations_iPad = "UIInterfaceOrientationPortrait UIInterfaceOrientationPortraitUpsideDown UIInterfaceOrientationLandscapeLeft UIInterfaceOrientationLandscapeRight";
				INFOPLIST_KEY_UISupportedInterfaceOrientations_iPhone = "UIInterfaceOrientationPortrait UIInterfaceOrientationLandscapeLeft UIInterfaceOrientationLandscapeRight";
				LD_RUNPATH_SEARCH_PATHS = (
					"$(inherited)",
					"@executable_path/Frameworks",
				);
				MARKETING_VERSION = 1.0;
				PRODUCT_BUNDLE_IDENTIFIER = com.swiftui.app.SharedEelementDemo;
				PRODUCT_NAME = "$(TARGET_NAME)";
				SWIFT_EMIT_LOC_STRINGS = YES;
				SWIFT_VERSION = 5.0;
				TARGETED_DEVICE_FAMILY = "1,2";
			};
			name = Release;
		};
/* End XCBuildConfiguration section */

/* Begin XCConfigurationList section */
		345D143E27562467003257AA /* Build configuration list for PBXProject "SharedEelementDemo" */ = {
			isa = XCConfigurationList;
			buildConfigurations = (
				345D145527562468003257AA /* Debug */,
				345D145627562468003257AA /* Release */,
			);
			defaultConfigurationIsVisible = 0;
			defaultConfigurationName = Release;
		};
		345D145727562468003257AA /* Build configuration list for PBXNativeTarget "SharedEelementDemo" */ = {
			isa = XCConfigurationList;
			buildConfigurations = (
				345D145827562468003257AA /* Debug */,
				345D145927562468003257AA /* Release */,
			);
			defaultConfigurationIsVisible = 0;
			defaultConfigurationName = Release;
		};
/* End XCConfigurationList section */
	};
	rootObject = 345D143B27562467003257AA /* Project object */;
}
